
Microsoft Visual Studio Solution File, Format Version 12.00
# Visual Studio 15
VisualStudioVersion = 15.0.27004.2009
MinimumVisualStudioVersion = 10.0.40219.1
Project("{FAE04EC0-301F-11D3-BF4B-00C04F79EFBC}") = "ERDClient", "EasyRemoteDesktop\ERDClient.csproj", "{635D96FB-1FA5-43D8-A2E8-889CCA801A23}"
EndProject
Project("{FAE04EC0-301F-11D3-BF4B-00C04F79EFBC}") = "ERDServer", "ERDServer\ERDServer.csproj", "{37D64A2D-D760-4222-9F02-9455C3FF4068}"
EndProject
Project("{FAE04EC0-301F-11D3-BF4B-00C04F79EFBC}") = "ERDTransport", "ERDTransport\ERDTransport.csproj", "{D6BD0415-D4C4-4D4B-B29C-C645A4400A4B}"
EndProject
Global
	GlobalSection(SolutionConfigurationPlatforms) = preSolution
		Debug|Any CPU = Debug|Any CPU
		Release|Any CPU = Release|Any CPU
	EndGlobalSection
	GlobalSection(ProjectConfigurationPlatforms) = postSolution
		{635D96FB-1FA5-43D8-A2E8-889CCA801A23}.Debug|Any CPU.ActiveCfg = Debug|Any CPU
		{635D96FB-1FA5-43D8-A2E8-889CCA801A23}.Debug|Any CPU.Build.0 = Debug|Any CPU
		{635D96FB-1FA5-43D8-A2E8-889CCA801A23}.Release|Any CPU.ActiveCfg = Release|Any CPU
		{635D96FB-1FA5-43D8-A2E8-889CCA801A23}.Release|Any CPU.Build.0 = Release|Any CPU
		{37D64A2D-D760-4222-9F02-9455C3FF4068}.Debug|Any CPU.ActiveCfg = Debug|Any CPU
		{37D64A2D-D760-4222-9F02-9455C3FF4068}.Debug|Any CPU.Build.0 = Debug|Any CPU
		{37D64A2D-D760-4222-9F02-9455C3FF4068}.Release|Any CPU.ActiveCfg = Release|Any CPU
		{37D64A2D-D760-4222-9F02-9455C3FF4068}.Release|Any CPU.Build.0 = Release|Any CPU
		{D6BD0415-D4C4-4D4B-B29C-C645A4400A4B}.Debug|Any CPU.ActiveCfg = Debug|Any CPU
		{D6BD0415-D4C4-4D4B-B29C-C645A4400A4B}.Debug|Any CPU.Build.0 = Debug|Any CPU
		{D6BD0415-D4C4-4D4B-B29C-C645A4400A4B}.Release|Any CPU.ActiveCfg = Release|Any CPU
		{D6BD0415-D4C4-4D4B-B29C-C645A4400A4B}.Release|Any CPU.Build.0 = Release|Any CPU
	EndGlobalSection
	GlobalSection(SolutionProperties) = preSolution
		HideSolutionNode = FALSE
	EndGlobalSection
	GlobalSection(ExtensibilityGlobals) = postSolution
		SolutionGuid = {BC5F5756-BAAF-49F0-829A-0A4F7D0ED249}
	EndGlobalSection
EndGlobal
